
Microsoft Visual Studio Solution File, Format Version 12.00
# Visual Studio Version 16
VisualStudioVersion = 16.0.31727.386
MinimumVisualStudioVersion = 10.0.40219.1
Project("{9A19103F-16F7-4668-BE54-9A1E7A4F7556}") = "DataAccessLayer", "DataAccessLayer\DataAccessLayer.csproj", "{3DF1D806-1214-4F0A-BA5F-D2DAE18A8C3A}"
EndProject
Project("{FAE04EC0-301F-11D3-BF4B-00C04F79EFBC}") = "SuperMarketWebApp", "SuperMarketWebApp\SuperMarketWebApp.csproj", "{097DCFC6-7D56-4FA8-B71C-65FD79DD73BF}"
EndProject
Project("{9A19103F-16F7-4668-BE54-9A1E7A4F7556}") = "SuperMarketWebApi", "SuperMarketWebApi\SuperMarketWebApi.csproj", "{315A2F37-6721-4963-BD25-014C616DBB8E}"
EndProject
Global
	GlobalSection(SolutionConfigurationPlatforms) = preSolution
		Debug|Any CPU = Debug|Any CPU
		Release|Any CPU = Release|Any CPU
	EndGlobalSection
	GlobalSection(ProjectConfigurationPlatforms) = postSolution
		{3DF1D806-1214-4F0A-BA5F-D2DAE18A8C3A}.Debug|Any CPU.ActiveCfg = Debug|Any CPU
		{3DF1D806-1214-4F0A-BA5F-D2DAE18A8C3A}.Debug|Any CPU.Build.0 = Debug|Any CPU
		{3DF1D806-1214-4F0A-BA5F-D2DAE18A8C3A}.Release|Any CPU.ActiveCfg = Release|Any CPU
		{3DF1D806-1214-4F0A-BA5F-D2DAE18A8C3A}.Release|Any CPU.Build.0 = Release|Any CPU
		{097DCFC6-7D56-4FA8-B71C-65FD79DD73BF}.Debug|Any CPU.ActiveCfg = Debug|Any CPU
		{097DCFC6-7D56-4FA8-B71C-65FD79DD73BF}.Debug|Any CPU.Build.0 = Debug|Any CPU
		{097DCFC6-7D56-4FA8-B71C-65FD79DD73BF}.Release|Any CPU.ActiveCfg = Release|Any CPU
		{097DCFC6-7D56-4FA8-B71C-65FD79DD73BF}.Release|Any CPU.Build.0 = Release|Any CPU
		{315A2F37-6721-4963-BD25-014C616DBB8E}.Debug|Any CPU.ActiveCfg = Debug|Any CPU
		{315A2F37-6721-4963-BD25-014C616DBB8E}.Debug|Any CPU.Build.0 = Debug|Any CPU
		{315A2F37-6721-4963-BD25-014C616DBB8E}.Release|Any CPU.ActiveCfg = Release|Any CPU
		{315A2F37-6721-4963-BD25-014C616DBB8E}.Release|Any CPU.Build.0 = Release|Any CPU
	EndGlobalSection
	GlobalSection(SolutionProperties) = preSolution
		HideSolutionNode = FALSE
	EndGlobalSection
	GlobalSection(ExtensibilityGlobals) = postSolution
		SolutionGuid = {0DF756E0-5692-4366-8ADD-CC5D415D470F}
	EndGlobalSection
EndGlobal
